{
  "nodes": {
    "cachix": {
      "locked": {
        "lastModified": 1622559709,
        "narHash": "sha256-wnZUu3JNQTwu7q301TOsZFGxAcgBV8C3qks/aB8wztQ=",
        "owner": "nixos",
        "repo": "nixpkgs",
        "rev": "cee3ca37c68dad981396365bf4b1d0c807ac4eb4",
        "type": "github"
      },
      "original": {
        "owner": "nixos",
        "ref": "nixos-20.09",
        "repo": "nixpkgs",
        "type": "github"
      }
    },
    "credentials": {
      "flake": false,
      "locked": {
        "narHash": "sha256-/DB6iKk4nve6YuFhfqXAFeX6Dmr1ew65cnDBgLd03p4=",
        "path": "/home/markus/etc/nixos/credentials.nix",
        "type": "path"
      },
      "original": {
        "path": "/home/markus/etc/nixos/credentials.nix",
        "type": "path"
      }
    },
    "doomd": {
      "flake": false,
      "locked": {
        "narHash": "sha256-/RnUflN1dEK+WSI79k3RmV2oCmcRYgVDpMMquWTVfWA=",
        "path": "/home/markus/etc/nixos/repos/doom.d",
        "type": "path"
      },
      "original": {
        "path": "/home/markus/etc/nixos/repos/doom.d",
        "type": "path"
      }
    },
    "dotfiles": {
      "flake": false,
      "locked": {
        "narHash": "sha256-Nip0JbjzpO7unF0W9ChJnAlxmJJorxSA/llMF/mBzeE=",
        "path": "/home/markus/etc/nixos/repos/dotfiles",
        "type": "path"
      },
      "original": {
        "path": "/home/markus/etc/nixos/repos/dotfiles",
        "type": "path"
      }
    },
    "emacs-overlay": {
      "locked": {
        "lastModified": 1622691336,
        "narHash": "sha256-7MIXRSEMW/MHttfZRD4O0RKfrsCDZkbxKo6Jep55zE0=",
        "owner": "nix-community",
        "repo": "emacs-overlay",
        "rev": "354dc24d3ef778e5d3aa7564f2ce89b131f62219",
        "type": "github"
      },
      "original": {
        "owner": "nix-community",
        "repo": "emacs-overlay",
        "type": "github"
      }
    },
    "home-manager": {
      "inputs": {
        "nixpkgs": [
          "nixpkgs"
        ]
      },
      "locked": {
        "lastModified": 1622678600,
        "narHash": "sha256-mDNqOvtiZs6HuNxkfMUGhmUwAbQxdOyqecf0rVGq7h0=",
        "owner": "rycee",
        "repo": "home-manager",
        "rev": "95da56b783e4ccc8ded71137e4add780b239dd46",
        "type": "github"
      },
      "original": {
        "owner": "rycee",
        "ref": "master",
        "repo": "home-manager",
        "type": "github"
      }
    },
    "nixpkgs": {
      "locked": {
        "lastModified": 1622545032,
        "narHash": "sha256-1Y+2LFqnMBEH9OZzMBdLWl6GWFt/xzNz0V5X+m05Ing=",
        "owner": "NixOS",
        "repo": "nixpkgs",
        "rev": "1c2986bbb806c57f9470bf3231d8da7250ab9091",
        "type": "github"
      },
      "original": {
        "id": "nixpkgs",
        "ref": "nixos-unstable",
        "type": "indirect"
      }
    },
    "nixpkgs-local": {
      "locked": {
        "narHash": "sha256-uUoryFQ/vtlrjMK3m+yxRqTInjJMr/7MiayVebo4iUA=",
        "path": "/nix/nixpkgs",
        "type": "path"
      },
      "original": {
        "path": "/nix/nixpkgs",
        "type": "path"
      }
    },
    "nixpkgs-stable": {
      "locked": {
        "lastModified": 1622622179,
        "narHash": "sha256-XCw/9QDuj9J6prVR8YrteTcFKj2sRWYIjwgs8qOOrYQ=",
        "owner": "NixOS",
        "repo": "nixpkgs",
        "rev": "eaba7870ffc3400eca4407baa24184b7fe337ec1",
        "type": "github"
      },
      "original": {
        "id": "nixpkgs",
        "ref": "nixos-21.05",
        "type": "indirect"
      }
    },
    "nixpkgs-wayland": {
      "inputs": {
        "cachix": "cachix",
        "nixpkgs": [
          "nixpkgs"
        ]
      },
      "locked": {
        "lastModified": 1622692913,
        "narHash": "sha256-s9VhWm85EdieWr8op0El3VTnjXqNcj2p9PmRptRsSuM=",
        "owner": "colemickens",
        "repo": "nixpkgs-wayland",
        "rev": "e7bf358ba19d4bacf1b8d82869b919b3d320a1b5",
        "type": "github"
      },
      "original": {
        "owner": "colemickens",
        "repo": "nixpkgs-wayland",
        "type": "github"
      }
    },
    "root": {
      "inputs": {
        "credentials": "credentials",
        "doomd": "doomd",
        "dotfiles": "dotfiles",
        "emacs-overlay": "emacs-overlay",
        "home-manager": "home-manager",
        "nixpkgs": "nixpkgs",
        "nixpkgs-local": "nixpkgs-local",
        "nixpkgs-stable": "nixpkgs-stable",
        "nixpkgs-wayland": "nixpkgs-wayland"
      }
    }
  },
  "root": "root",
  "version": 7
}
