{
  "nodes": {
    "cachix": {
      "locked": {
        "lastModified": 1621511390,
        "narHash": "sha256-isDpLGr73ejAiksS1eW0dOMjEIB+j8b1lyAN++5KmrA=",
        "owner": "nixos",
        "repo": "nixpkgs",
        "rev": "a7064e23973b0f3e1dd56cf4601758fedc38423c",
        "type": "github"
      },
      "original": {
        "owner": "nixos",
        "ref": "nixos-20.09",
        "repo": "nixpkgs",
        "type": "github"
      }
    },
    "credentials": {
      "flake": false,
      "locked": {
        "narHash": "sha256-/DB6iKk4nve6YuFhfqXAFeX6Dmr1ew65cnDBgLd03p4=",
        "path": "/home/markus/etc/nixos/credentials.nix",
        "type": "path"
      },
      "original": {
        "path": "/home/markus/etc/nixos/credentials.nix",
        "type": "path"
      }
    },
    "doomd": {
      "flake": false,
      "locked": {
        "narHash": "sha256-/RnUflN1dEK+WSI79k3RmV2oCmcRYgVDpMMquWTVfWA=",
        "path": "/home/markus/etc/nixos/repos/doom.d",
        "type": "path"
      },
      "original": {
        "path": "/home/markus/etc/nixos/repos/doom.d",
        "type": "path"
      }
    },
    "dotfiles": {
      "flake": false,
      "locked": {
        "narHash": "sha256-tC9+POBwnqwy2nZbbOLXeSM15HylnJ+xtoIMBveg2Ok=",
        "path": "/home/markus/etc/nixos/repos/dotfiles",
        "type": "path"
      },
      "original": {
        "path": "/home/markus/etc/nixos/repos/dotfiles",
        "type": "path"
      }
    },
    "emacs-overlay": {
      "locked": {
        "lastModified": 1621565684,
        "narHash": "sha256-EDssKjLt2dDXatuZaLPw8qi8FwWAiOmbPMEoi782UhU=",
        "owner": "nix-community",
        "repo": "emacs-overlay",
        "rev": "cb4febf24b04ef44abe7aaa692e71b965083294d",
        "type": "github"
      },
      "original": {
        "owner": "nix-community",
        "repo": "emacs-overlay",
        "type": "github"
      }
    },
    "home-manager": {
      "inputs": {
        "nixpkgs": [
          "nixpkgs"
        ]
      },
      "locked": {
        "lastModified": 1621563835,
        "narHash": "sha256-Btxd5nzsEDRXue/J/IjDHLJp0bNIMTYZGJ+AHPoZt78=",
        "owner": "rycee",
        "repo": "home-manager",
        "rev": "82ab1ad46746cd05e992c02d4636177e1b55ce1f",
        "type": "github"
      },
      "original": {
        "owner": "rycee",
        "ref": "master",
        "repo": "home-manager",
        "type": "github"
      }
    },
    "nixpkgs": {
      "locked": {
        "lastModified": 1621288494,
        "narHash": "sha256-3lQCSw8/J076UwoQhtSVymOibLuojlqF9BAMP6X+/48=",
        "owner": "NixOS",
        "repo": "nixpkgs",
        "rev": "673aea9f84c955c94b105797fdc56007017af4db",
        "type": "github"
      },
      "original": {
        "id": "nixpkgs",
        "ref": "nixos-unstable",
        "type": "indirect"
      }
    },
    "nixpkgs-local": {
      "locked": {
        "narHash": "sha256-ptnUwc7+44RkZ5xQUlX9zYz3sgeIO81dHiq2fu+4rDU=",
        "path": "/nix/nixpkgs",
        "type": "path"
      },
      "original": {
        "path": "/nix/nixpkgs",
        "type": "path"
      }
    },
    "nixpkgs-wayland": {
      "inputs": {
        "cachix": "cachix",
        "nixpkgs": [
          "nixpkgs"
        ]
      },
      "locked": {
        "lastModified": 1621575686,
        "narHash": "sha256-vFGHR6KBf+ytEvVSbqermRXN6ExbefNBmaMX4cTPeFo=",
        "owner": "colemickens",
        "repo": "nixpkgs-wayland",
        "rev": "6ddfcedf5504230f004b5283d6ee58351768ff1f",
        "type": "github"
      },
      "original": {
        "owner": "colemickens",
        "repo": "nixpkgs-wayland",
        "type": "github"
      }
    },
    "root": {
      "inputs": {
        "credentials": "credentials",
        "doomd": "doomd",
        "dotfiles": "dotfiles",
        "emacs-overlay": "emacs-overlay",
        "home-manager": "home-manager",
        "nixpkgs": "nixpkgs",
        "nixpkgs-local": "nixpkgs-local",
        "nixpkgs-wayland": "nixpkgs-wayland"
      }
    }
  },
  "root": "root",
  "version": 7
}
