{
  "nodes": {
    "nixpkgs": {
      "locked": {
        "lastModified": 1621288494,
        "narHash": "sha256-Mtgh9b+ncJMHAES1sMi9F9CKnSBCZHmzupQvslNUrJ8=",
        "owner": "NixOS",
        "repo": "nixpkgs",
        "rev": "5b8a0c92fed8d94ee291ab2e7454c99f395c2a4f",
        "type": "github"
      },
      "original": {
        "id": "nixpkgs",
        "ref": "nixos-unstable",
        "type": "indirect"
      }
    },
    "root": {
      "inputs": {
        "nixpkgs": "nixpkgs"
      }
    }
  },
  "root": "root",
  "version": 7
}
